
Microsoft Visual Studio Solution File, Format Version 12.00
# Visual Studio Version 16
VisualStudioVersion = 16.0.29102.190
MinimumVisualStudioVersion = 10.0.40219.1
Project("{FAE04EC0-301F-11D3-BF4B-00C04F79EFBC}") = "Improv3", "Improv3\Improv3.csproj", "{C589A818-D2E5-4884-9DD8-230F2AFCE81E}"
EndProject
Global
	GlobalSection(SolutionConfigurationPlatforms) = preSolution
		Debug|Any CPU = Debug|Any CPU
		Release|Any CPU = Release|Any CPU
	EndGlobalSection
	GlobalSection(ProjectConfigurationPlatforms) = postSolution
		{C589A818-D2E5-4884-9DD8-230F2AFCE81E}.Debug|Any CPU.ActiveCfg = Debug|Any CPU
		{C589A818-D2E5-4884-9DD8-230F2AFCE81E}.Debug|Any CPU.Build.0 = Debug|Any CPU
		{C589A818-D2E5-4884-9DD8-230F2AFCE81E}.Release|Any CPU.ActiveCfg = Release|Any CPU
		{C589A818-D2E5-4884-9DD8-230F2AFCE81E}.Release|Any CPU.Build.0 = Release|Any CPU
	EndGlobalSection
	GlobalSection(SolutionProperties) = preSolution
		HideSolutionNode = FALSE
	EndGlobalSection
	GlobalSection(ExtensibilityGlobals) = postSolution
		SolutionGuid = {7D9DEF53-E20B-4663-A318-DEE5DB4B19A7}
	EndGlobalSection
EndGlobal
